// !$*UTF8*$!
{
	archiveVersion = 1;
	classes = {
	};
	objectVersion = 46;
	objects = {

/* Begin PBXBuildFile section */
		13F9136A1C85759B009FBEE9 /* main.m in Sources */ = {isa = PBXBuildFile; fileRef = 13F913691C85759B009FBEE9 /* main.m */; };
		13F9136D1C85759B009FBEE9 /* AppDelegate.m in Sources */ = {isa = PBXBuildFile; fileRef = 13F9136C1C85759B009FBEE9 /* AppDelegate.m */; };
		13F913701C85759B009FBEE9 /* ViewController.m in Sources */ = {isa = PBXBuildFile; fileRef = 13F9136F1C85759B009FBEE9 /* ViewController.m */; };
		13F913731C85759B009FBEE9 /* Main.storyboard in Resources */ = {isa = PBXBuildFile; fileRef = 13F913711C85759B009FBEE9 /* Main.storyboard */; };
		13F913751C85759B009FBEE9 /* Images.xcassets in Resources */ = {isa = PBXBuildFile; fileRef = 13F913741C85759B009FBEE9 /* Images.xcassets */; };
		13F913781C85759B009FBEE9 /* LaunchScreen.xib in Resources */ = {isa = PBXBuildFile; fileRef = 13F913761C85759B009FBEE9 /* LaunchScreen.xib */; };
		13F913841C85759B009FBEE9 /* _1_______Tests.m in Sources */ = {isa = PBXBuildFile; fileRef = 13F913831C85759B009FBEE9 /* _1_______Tests.m */; };
		13F913901C857640009FBEE9 /* Reachability.m in Sources */ = {isa = PBXBuildFile; fileRef = 13F9138F1C857640009FBEE9 /* Reachability.m */; };
/* End PBXBuildFile section */

/* Begin PBXContainerItemProxy section */
		13F9137E1C85759B009FBEE9 /* PBXContainerItemProxy */ = {
			isa = PBXContainerItemProxy;
			containerPortal = 13F9135C1C85759B009FBEE9 /* Project object */;
			proxyType = 1;
			remoteGlobalIDString = 13F913631C85759B009FBEE9;
			remoteInfo = "01-检测网络变化";
		};
/* End PBXContainerItemProxy section */

/* Begin PBXFileReference section */
		13F913641C85759B009FBEE9 /* 01-检测网络变化.app */ = {isa = PBXFileReference; explicitFileType = wrapper.application; includeInIndex = 0; path = "01-检测网络变化.app"; sourceTree = BUILT_PRODUCTS_DIR; };
		13F913681C85759B009FBEE9 /* Info.plist */ = {isa = PBXFileReference; lastKnownFileType = text.plist.xml; path = Info.plist; sourceTree = "<group>"; };
		13F913691C85759B009FBEE9 /* main.m */ = {isa = PBXFileReference; lastKnownFileType = sourcecode.c.objc; path = main.m; sourceTree = "<group>"; };
		13F9136B1C85759B009FBEE9 /* AppDelegate.h */ = {isa = PBXFileReference; lastKnownFileType = sourcecode.c.h; path = AppDelegate.h; sourceTree = "<group>"; };
		13F9136C1C85759B009FBEE9 /* AppDelegate.m */ = {isa = PBXFileReference; lastKnownFileType = sourcecode.c.objc; path = AppDelegate.m; sourceTree = "<group>"; };
		13F9136E1C85759B009FBEE9 /* ViewController.h */ = {isa = PBXFileReference; lastKnownFileType = sourcecode.c.h; path = ViewController.h; sourceTree = "<group>"; };
		13F9136F1C85759B009FBEE9 /* ViewController.m */ = {isa = PBXFileReference; lastKnownFileType = sourcecode.c.objc; path = ViewController.m; sourceTree = "<group>"; };
		13F913721C85759B009FBEE9 /* Base */ = {isa = PBXFileReference; lastKnownFileType = file.storyboard; name = Base; path = Base.lproj/Main.storyboard; sourceTree = "<group>"; };
		13F913741C85759B009FBEE9 /* Images.xcassets */ = {isa = PBXFileReference; lastKnownFileType = folder.assetcatalog; path = Images.xcassets; sourceTree = "<group>"; };
		13F913771C85759B009FBEE9 /* Base */ = {isa = PBXFileReference; lastKnownFileType = file.xib; name = Base; path = Base.lproj/LaunchScreen.xib; sourceTree = "<group>"; };
		13F9137D1C85759B009FBEE9 /* 01-检测网络变化Tests.xctest */ = {isa = PBXFileReference; explicitFileType = wrapper.cfbundle; includeInIndex = 0; path = "01-检测网络变化Tests.xctest"; sourceTree = BUILT_PRODUCTS_DIR; };
		13F913821C85759B009FBEE9 /* Info.plist */ = {isa = PBXFileReference; lastKnownFileType = text.plist.xml; path = Info.plist; sourceTree = "<group>"; };
		13F913831C85759B009FBEE9 /* _1_______Tests.m */ = {isa = PBXFileReference; lastKnownFileType = sourcecode.c.objc; path = "_1_______Tests.m"; sourceTree = "<group>"; };
		13F9138E1C857640009FBEE9 /* Reachability.h */ = {isa = PBXFileReference; fileEncoding = 4; lastKnownFileType = sourcecode.c.h; path = Reachability.h; sourceTree = "<group>"; };
		13F9138F1C857640009FBEE9 /* Reachability.m */ = {isa = PBXFileReference; fileEncoding = 4; lastKnownFileType = sourcecode.c.objc; path = Reachability.m; sourceTree = "<group>"; };
/* End PBXFileReference section */

/* Begin PBXFrameworksBuildPhase section */
		13F913611C85759B009FBEE9 /* Frameworks */ = {
			isa = PBXFrameworksBuildPhase;
			buildActionMask = 2147483647;
			files = (
			);
			runOnlyForDeploymentPostprocessing = 0;
		};
		13F9137A1C85759B009FBEE9 /* Frameworks */ = {
			isa = PBXFrameworksBuildPhase;
			buildActionMask = 2147483647;
			files = (
			);
			runOnlyForDeploymentPostprocessing = 0;
		};
/* End PBXFrameworksBuildPhase section */

/* Begin PBXGroup section */
		13F9135B1C85759B009FBEE9 = {
			isa = PBXGroup;
			children = (
				13F913661C85759B009FBEE9 /* 01-检测网络变化 */,
				13F913801C85759B009FBEE9 /* 01-检测网络变化Tests */,
				13F913651C85759B009FBEE9 /* Products */,
			);
			sourceTree = "<group>";
		};
		13F913651C85759B009FBEE9 /* Products */ = {
			isa = PBXGroup;
			children = (
				13F913641C85759B009FBEE9 /* 01-检测网络变化.app */,
				13F9137D1C85759B009FBEE9 /* 01-检测网络变化Tests.xctest */,
			);
			name = Products;
			sourceTree = "<group>";
		};
		13F913661C85759B009FBEE9 /* 01-检测网络变化 */ = {
			isa = PBXGroup;
			children = (
				13F9138D1C857640009FBEE9 /* Reachability */,
				13F9136B1C85759B009FBEE9 /* AppDelegate.h */,
				13F9136C1C85759B009FBEE9 /* AppDelegate.m */,
				13F9136E1C85759B009FBEE9 /* ViewController.h */,
				13F9136F1C85759B009FBEE9 /* ViewController.m */,
				13F913711C85759B009FBEE9 /* Main.storyboard */,
				13F913741C85759B009FBEE9 /* Images.xcassets */,
				13F913761C85759B009FBEE9 /* LaunchScreen.xib */,
				13F913671C85759B009FBEE9 /* Supporting Files */,
			);
			path = "01-检测网络变化";
			sourceTree = "<group>";
		};
		13F913671C85759B009FBEE9 /* Supporting Files */ = {
			isa = PBXGroup;
			children = (
				13F913681C85759B009FBEE9 /* Info.plist */,
				13F913691C85759B009FBEE9 /* main.m */,
			);
			name = "Supporting Files";
			sourceTree = "<group>";
		};
		13F913801C85759B009FBEE9 /* 01-检测网络变化Tests */ = {
			isa = PBXGroup;
			children = (
				13F913831C85759B009FBEE9 /* _1_______Tests.m */,
				13F913811C85759B009FBEE9 /* Supporting Files */,
			);
			path = "01-检测网络变化Tests";
			sourceTree = "<group>";
		};
		13F913811C85759B009FBEE9 /* Supporting Files */ = {
			isa = PBXGroup;
			children = (
				13F913821C85759B009FBEE9 /* Info.plist */,
			);
			name = "Supporting Files";
			sourceTree = "<group>";
		};
		13F9138D1C857640009FBEE9 /* Reachability */ = {
			isa = PBXGroup;
			children = (
				13F9138E1C857640009FBEE9 /* Reachability.h */,
				13F9138F1C857640009FBEE9 /* Reachability.m */,
			);
			path = Reachability;
			sourceTree = "<group>";
		};
/* End PBXGroup section */

/* Begin PBXNativeTarget section */
		13F913631C85759B009FBEE9 /* 01-检测网络变化 */ = {
			isa = PBXNativeTarget;
			buildConfigurationList = 13F913871C85759B009FBEE9 /* Build configuration list for PBXNativeTarget "01-检测网络变化" */;
			buildPhases = (
				13F913601C85759B009FBEE9 /* Sources */,
				13F913611C85759B009FBEE9 /* Frameworks */,
				13F913621C85759B009FBEE9 /* Resources */,
			);
			buildRules = (
			);
			dependencies = (
			);
			name = "01-检测网络变化";
			productName = "01-检测网络变化";
			productReference = 13F913641C85759B009FBEE9 /* 01-检测网络变化.app */;
			productType = "com.apple.product-type.application";
		};
		13F9137C1C85759B009FBEE9 /* 01-检测网络变化Tests */ = {
			isa = PBXNativeTarget;
			buildConfigurationList = 13F9138A1C85759B009FBEE9 /* Build configuration list for PBXNativeTarget "01-检测网络变化Tests" */;
			buildPhases = (
				13F913791C85759B009FBEE9 /* Sources */,
				13F9137A1C85759B009FBEE9 /* Frameworks */,
				13F9137B1C85759B009FBEE9 /* Resources */,
			);
			buildRules = (
			);
			dependencies = (
				13F9137F1C85759B009FBEE9 /* PBXTargetDependency */,
			);
			name = "01-检测网络变化Tests";
			productName = "01-检测网络变化Tests";
			productReference = 13F9137D1C85759B009FBEE9 /* 01-检测网络变化Tests.xctest */;
			productType = "com.apple.product-type.bundle.unit-test";
		};
/* End PBXNativeTarget section */

/* Begin PBXProject section */
		13F9135C1C85759B009FBEE9 /* Project object */ = {
			isa = PBXProject;
			attributes = {
				LastUpgradeCheck = 0640;
				ORGANIZATIONNAME = sxt;
				TargetAttributes = {
					13F913631C85759B009FBEE9 = {
						CreatedOnToolsVersion = 6.4;
					};
					13F9137C1C85759B009FBEE9 = {
						CreatedOnToolsVersion = 6.4;
						TestTargetID = 13F913631C85759B009FBEE9;
					};
				};
			};
			buildConfigurationList = 13F9135F1C85759B009FBEE9 /* Build configuration list for PBXProject "01-检测网络变化" */;
			compatibilityVersion = "Xcode 3.2";
			developmentRegion = English;
			hasScannedForEncodings = 0;
			knownRegions = (
				en,
				Base,
			);
			mainGroup = 13F9135B1C85759B009FBEE9;
			productRefGroup = 13F913651C85759B009FBEE9 /* Products */;
			projectDirPath = "";
			projectRoot = "";
			targets = (
				13F913631C85759B009FBEE9 /* 01-检测网络变化 */,
				13F9137C1C85759B009FBEE9 /* 01-检测网络变化Tests */,
			);
		};
/* End PBXProject section */

/* Begin PBXResourcesBuildPhase section */
		13F913621C85759B009FBEE9 /* Resources */ = {
			isa = PBXResourcesBuildPhase;
			buildActionMask = 2147483647;
			files = (
				13F913731C85759B009FBEE9 /* Main.storyboard in Resources */,
				13F913781C85759B009FBEE9 /* LaunchScreen.xib in Resources */,
				13F913751C85759B009FBEE9 /* Images.xcassets in Resources */,
			);
			runOnlyForDeploymentPostprocessing = 0;
		};
		13F9137B1C85759B009FBEE9 /* Resources */ = {
			isa = PBXResourcesBuildPhase;
			buildActionMask = 2147483647;
			files = (
			);
			runOnlyForDeploymentPostprocessing = 0;
		};
/* End PBXResourcesBuildPhase section */

/* Begin PBXSourcesBuildPhase section */
		13F913601C85759B009FBEE9 /* Sources */ = {
			isa = PBXSourcesBuildPhase;
			buildActionMask = 2147483647;
			files = (
				13F913701C85759B009FBEE9 /* ViewController.m in Sources */,
				13F9136D1C85759B009FBEE9 /* AppDelegate.m in Sources */,
				13F913901C857640009FBEE9 /* Reachability.m in Sources */,
				13F9136A1C85759B009FBEE9 /* main.m in Sources */,
			);
			runOnlyForDeploymentPostprocessing = 0;
		};
		13F913791C85759B009FBEE9 /* Sources */ = {
			isa = PBXSourcesBuildPhase;
			buildActionMask = 2147483647;
			files = (
				13F913841C85759B009FBEE9 /* _1_______Tests.m in Sources */,
			);
			runOnlyForDeploymentPostprocessing = 0;
		};
/* End PBXSourcesBuildPhase section */

/* Begin PBXTargetDependency section */
		13F9137F1C85759B009FBEE9 /* PBXTargetDependency */ = {
			isa = PBXTargetDependency;
			target = 13F913631C85759B009FBEE9 /* 01-检测网络变化 */;
			targetProxy = 13F9137E1C85759B009FBEE9 /* PBXContainerItemProxy */;
		};
/* End PBXTargetDependency section */

/* Begin PBXVariantGroup section */
		13F913711C85759B009FBEE9 /* Main.storyboard */ = {
			isa = PBXVariantGroup;
			children = (
				13F913721C85759B009FBEE9 /* Base */,
			);
			name = Main.storyboard;
			sourceTree = "<group>";
		};
		13F913761C85759B009FBEE9 /* LaunchScreen.xib */ = {
			isa = PBXVariantGroup;
			children = (
				13F913771C85759B009FBEE9 /* Base */,
			);
			name = LaunchScreen.xib;
			sourceTree = "<group>";
		};
/* End PBXVariantGroup section */

/* Begin XCBuildConfiguration section */
		13F913851C85759B009FBEE9 /* Debug */ = {
			isa = XCBuildConfiguration;
			buildSettings = {
				ALWAYS_SEARCH_USER_PATHS = NO;
				CLANG_CXX_LANGUAGE_STANDARD = "gnu++0x";
				CLANG_CXX_LIBRARY = "libc++";
				CLANG_ENABLE_MODULES = YES;
				CLANG_ENABLE_OBJC_ARC = YES;
				CLANG_WARN_BOOL_CONVERSION = YES;
				CLANG_WARN_CONSTANT_CONVERSION = YES;
				CLANG_WARN_DIRECT_OBJC_ISA_USAGE = YES_ERROR;
				CLANG_WARN_EMPTY_BODY = YES;
				CLANG_WARN_ENUM_CONVERSION = YES;
				CLANG_WARN_INT_CONVERSION = YES;
				CLANG_WARN_OBJC_ROOT_CLASS = YES_ERROR;
				CLANG_WARN_UNREACHABLE_CODE = YES;
				CLANG_WARN__DUPLICATE_METHOD_MATCH = YES;
				"CODE_SIGN_IDENTITY[sdk=iphoneos*]" = "iPhone Developer";
				COPY_PHASE_STRIP = NO;
				DEBUG_INFORMATION_FORMAT = "dwarf-with-dsym";
				ENABLE_STRICT_OBJC_MSGSEND = YES;
				GCC_C_LANGUAGE_STANDARD = gnu99;
				GCC_DYNAMIC_NO_PIC = NO;
				GCC_NO_COMMON_BLOCKS = YES;
				GCC_OPTIMIZATION_LEVEL = 0;
				GCC_PREPROCESSOR_DEFINITIONS = (
					"DEBUG=1",
					"$(inherited)",
				);
				GCC_SYMBOLS_PRIVATE_EXTERN = NO;
				GCC_WARN_64_TO_32_BIT_CONVERSION = YES;
				GCC_WARN_ABOUT_RETURN_TYPE = YES_ERROR;
				GCC_WARN_UNDECLARED_SELECTOR = YES;
				GCC_WARN_UNINITIALIZED_AUTOS = YES_AGGRESSIVE;
				GCC_WARN_UNUSED_FUNCTION = YES;
				GCC_WARN_UNUSED_VARIABLE = YES;
				IPHONEOS_DEPLOYMENT_TARGET = 8.4;
				MTL_ENABLE_DEBUG_INFO = YES;
				ONLY_ACTIVE_ARCH = YES;
				SDKROOT = iphoneos;
			};
			name = Debug;
		};
		13F913861C85759B009FBEE9 /* Release */ = {
			isa = XCBuildConfiguration;
			buildSettings = {
				ALWAYS_SEARCH_USER_PATHS = NO;
				CLANG_CXX_LANGUAGE_STANDARD = "gnu++0x";
				CLANG_CXX_LIBRARY = "libc++";
				CLANG_ENABLE_MODULES = YES;
				CLANG_ENABLE_OBJC_ARC = YES;
				CLANG_WARN_BOOL_CONVERSION = YES;
				CLANG_WARN_CONSTANT_CONVERSION = YES;
				CLANG_WARN_DIRECT_OBJC_ISA_USAGE = YES_ERROR;
				CLANG_WARN_EMPTY_BODY = YES;
				CLANG_WARN_ENUM_CONVERSION = YES;
				CLANG_WARN_INT_CONVERSION = YES;
				CLANG_WARN_OBJC_ROOT_CLASS = YES_ERROR;
				CLANG_WARN_UNREACHABLE_CODE = YES;
				CLANG_WARN__DUPLICATE_METHOD_MATCH = YES;
				"CODE_SIGN_IDENTITY[sdk=iphoneos*]" = "iPhone Developer";
				COPY_PHASE_STRIP = NO;
				DEBUG_INFORMATION_FORMAT = "dwarf-with-dsym";
				ENABLE_NS_ASSERTIONS = NO;
				ENABLE_STRICT_OBJC_MSGSEND = YES;
				GCC_C_LANGUAGE_STANDARD = gnu99;
				GCC_NO_COMMON_BLOCKS = YES;
				GCC_WARN_64_TO_32_BIT_CONVERSION = YES;
				GCC_WARN_ABOUT_RETURN_TYPE = YES_ERROR;
				GCC_WARN_UNDECLARED_SELECTOR = YES;
				GCC_WARN_UNINITIALIZED_AUTOS = YES_AGGRESSIVE;
				GCC_WARN_UNUSED_FUNCTION = YES;
				GCC_WARN_UNUSED_VARIABLE = YES;
				IPHONEOS_DEPLOYMENT_TARGET = 8.4;
				MTL_ENABLE_DEBUG_INFO = NO;
				SDKROOT = iphoneos;
				VALIDATE_PRODUCT = YES;
			};
			name = Release;
		};
		13F913881C85759B009FBEE9 /* Debug */ = {
			isa = XCBuildConfiguration;
			buildSettings = {
				ASSETCATALOG_COMPILER_APPICON_NAME = AppIcon;
				INFOPLIST_FILE = "01-检测网络变化/Info.plist";
				LD_RUNPATH_SEARCH_PATHS = "$(inherited) @executable_path/Frameworks";
				PRODUCT_NAME = "$(TARGET_NAME)";
			};
			name = Debug;
		};
		13F913891C85759B009FBEE9 /* Release */ = {
			isa = XCBuildConfiguration;
			buildSettings = {
				ASSETCATALOG_COMPILER_APPICON_NAME = AppIcon;
				INFOPLIST_FILE = "01-检测网络变化/Info.plist";
				LD_RUNPATH_SEARCH_PATHS = "$(inherited) @executable_path/Frameworks";
				PRODUCT_NAME = "$(TARGET_NAME)";
			};
			name = Release;
		};
		13F9138B1C85759B009FBEE9 /* Debug */ = {
			isa = XCBuildConfiguration;
			buildSettings = {
				BUNDLE_LOADER = "$(TEST_HOST)";
				FRAMEWORK_SEARCH_PATHS = (
					"$(SDKROOT)/Developer/Library/Frameworks",
					"$(inherited)",
				);
				GCC_PREPROCESSOR_DEFINITIONS = (
					"DEBUG=1",
					"$(inherited)",
				);
				INFOPLIST_FILE = "01-检测网络变化Tests/Info.plist";
				LD_RUNPATH_SEARCH_PATHS = "$(inherited) @executable_path/Frameworks @loader_path/Frameworks";
				PRODUCT_NAME = "$(TARGET_NAME)";
				TEST_HOST = "$(BUILT_PRODUCTS_DIR)/01-检测网络变化.app/01-检测网络变化";
			};
			name = Debug;
		};
		13F9138C1C85759B009FBEE9 /* Release */ = {
			isa = XCBuildConfiguration;
			buildSettings = {
				BUNDLE_LOADER = "$(TEST_HOST)";
				FRAMEWORK_SEARCH_PATHS = (
					"$(SDKROOT)/Developer/Library/Frameworks",
					"$(inherited)",
				);
				INFOPLIST_FILE = "01-检测网络变化Tests/Info.plist";
				LD_RUNPATH_SEARCH_PATHS = "$(inherited) @executable_path/Frameworks @loader_path/Frameworks";
				PRODUCT_NAME = "$(TARGET_NAME)";
				TEST_HOST = "$(BUILT_PRODUCTS_DIR)/01-检测网络变化.app/01-检测网络变化";
			};
			name = Release;
		};
/* End XCBuildConfiguration section */

/* Begin XCConfigurationList section */
		13F9135F1C85759B009FBEE9 /* Build configuration list for PBXProject "01-检测网络变化" */ = {
			isa = XCConfigurationList;
			buildConfigurations = (
				13F913851C85759B009FBEE9 /* Debug */,
				13F913861C85759B009FBEE9 /* Release */,
			);
			defaultConfigurationIsVisible = 0;
			defaultConfigurationName = Release;
		};
		13F913871C85759B009FBEE9 /* Build configuration list for PBXNativeTarget "01-检测网络变化" */ = {
			isa = XCConfigurationList;
			buildConfigurations = (
				13F913881C85759B009FBEE9 /* Debug */,
				13F913891C85759B009FBEE9 /* Release */,
			);
			defaultConfigurationIsVisible = 0;
		};
		13F9138A1C85759B009FBEE9 /* Build configuration list for PBXNativeTarget "01-检测网络变化Tests" */ = {
			isa = XCConfigurationList;
			buildConfigurations = (
				13F9138B1C85759B009FBEE9 /* Debug */,
				13F9138C1C85759B009FBEE9 /* Release */,
			);
			defaultConfigurationIsVisible = 0;
		};
/* End XCConfigurationList section */
	};
	rootObject = 13F9135C1C85759B009FBEE9 /* Project object */;
}
